
Microsoft Visual Studio Solution File, Format Version 12.00
# Visual Studio Version 16
VisualStudioVersion = 16.0.29728.190
MinimumVisualStudioVersion = 10.0.40219.1
Project("{9A19103F-16F7-4668-BE54-9A1E7A4F7556}") = "linq2db.ClickHouse", "src\linq2db.ClickHouse\linq2db.ClickHouse.csproj", "{FE8F8643-4478-4F66-A7CD-D3DC3B16EA25}"
EndProject
Project("{2150E333-8FDC-42A3-9474-1A3956D46DE8}") = "submodules", "submodules", "{D65FB7DD-863E-42FC-865E-70DECD647AB7}"
EndProject
Project("{2150E333-8FDC-42A3-9474-1A3956D46DE8}") = "LinqToDB", "LinqToDB", "{4162A645-F05F-44FB-990A-8654B14BA54D}"
EndProject
Project("{9A19103F-16F7-4668-BE54-9A1E7A4F7556}") = "LinqToDB", "submodules\linq2db\Source\LinqToDB\LinqToDB.csproj", "{5BE696B0-177E-4609-99DF-E021B7BF29B5}"
EndProject
Project("{2150E333-8FDC-42A3-9474-1A3956D46DE8}") = "ClickHouse", "ClickHouse", "{3AD848B0-7D38-433C-AF10-01833C3A672F}"
EndProject
Project("{9A19103F-16F7-4668-BE54-9A1E7A4F7556}") = "ClickHouse.Ado.NETStandard", "submodules\ClickHouse-Net\ClickHouse.Ado\ClickHouse.Ado.NETStandard.csproj", "{975CAB48-1C2A-44A9-87DF-4E7A6020A16D}"
EndProject
Project("{2150E333-8FDC-42A3-9474-1A3956D46DE8}") = "Tests", "Tests", "{7B2C7CA5-0BB7-40FD-96EC-97B744F5E2BD}"
EndProject
Project("{FAE04EC0-301F-11D3-BF4B-00C04F79EFBC}") = "linq2db.ClickHouse.Tests", "Tests\linq2db.ClickHouse.Tests\linq2db.ClickHouse.Tests.csproj", "{66FC0C28-6631-438D-915A-F6CF1A5A8E3F}"
EndProject
Project("{2150E333-8FDC-42A3-9474-1A3956D46DE8}") = "Tests", "Tests", "{2AE7F9F9-81C9-42B9-B5A9-4CD5E8DC6E82}"
EndProject
Project("{9A19103F-16F7-4668-BE54-9A1E7A4F7556}") = "Tests", "submodules\linq2db\Tests\Linq\Tests.csproj", "{06C83703-EA1E-4607-820F-20E24788224A}"
EndProject
Project("{9A19103F-16F7-4668-BE54-9A1E7A4F7556}") = "Tests.Model", "submodules\linq2db\Tests\Model\Tests.Model.csproj", "{FC099E68-3420-4FBC-9986-CE818F130078}"
EndProject
Project("{9A19103F-16F7-4668-BE54-9A1E7A4F7556}") = "Tests.Base", "submodules\linq2db\Tests\Base\Tests.Base.csproj", "{9F2881A0-AD23-4087-AA92-AC73DE8D7042}"
EndProject
Project("{9A19103F-16F7-4668-BE54-9A1E7A4F7556}") = "LinqToDB.Tools", "submodules\linq2db\Source\LinqToDB.Tools\LinqToDB.Tools.csproj", "{385B76AC-063E-4D9D-8E52-28CE43902FE6}"
EndProject
Project("{9A19103F-16F7-4668-BE54-9A1E7A4F7556}") = "LinqToDB.AspNet", "submodules\linq2db\Source\LinqToDB.AspNet\LinqToDB.AspNet.csproj", "{B80F9F08-FC4A-4C2F-9F12-88EA87519FA2}"
EndProject
Project("{6EC3EE1D-3C4E-46DD-8F32-0CC8E7565705}") = "Tests.FSharp", "submodules\linq2db\Tests\FSharp\Tests.FSharp.fsproj", "{CE2F7897-9DDC-497B-83FE-B9E9EBFA1870}"
EndProject
Project("{778DAE3C-4631-46EA-AA77-85C1314464D9}") = "Tests.VisualBasic", "submodules\linq2db\Tests\VisualBasic\Tests.VisualBasic.vbproj", "{E352D88B-B04E-4635-A311-05F958D1115D}"
EndProject
Global
	GlobalSection(SolutionConfigurationPlatforms) = preSolution
		Azure|Any CPU = Azure|Any CPU
		Debug|Any CPU = Debug|Any CPU
		Release|Any CPU = Release|Any CPU
	EndGlobalSection
	GlobalSection(ProjectConfigurationPlatforms) = postSolution
		{FE8F8643-4478-4F66-A7CD-D3DC3B16EA25}.Azure|Any CPU.ActiveCfg = Release|Any CPU
		{FE8F8643-4478-4F66-A7CD-D3DC3B16EA25}.Azure|Any CPU.Build.0 = Release|Any CPU
		{FE8F8643-4478-4F66-A7CD-D3DC3B16EA25}.Debug|Any CPU.ActiveCfg = Debug|Any CPU
		{FE8F8643-4478-4F66-A7CD-D3DC3B16EA25}.Debug|Any CPU.Build.0 = Debug|Any CPU
		{FE8F8643-4478-4F66-A7CD-D3DC3B16EA25}.Release|Any CPU.ActiveCfg = Release|Any CPU
		{FE8F8643-4478-4F66-A7CD-D3DC3B16EA25}.Release|Any CPU.Build.0 = Release|Any CPU
		{5BE696B0-177E-4609-99DF-E021B7BF29B5}.Azure|Any CPU.ActiveCfg = Release|Any CPU
		{5BE696B0-177E-4609-99DF-E021B7BF29B5}.Azure|Any CPU.Build.0 = Release|Any CPU
		{5BE696B0-177E-4609-99DF-E021B7BF29B5}.Debug|Any CPU.ActiveCfg = Debug|Any CPU
		{5BE696B0-177E-4609-99DF-E021B7BF29B5}.Debug|Any CPU.Build.0 = Debug|Any CPU
		{5BE696B0-177E-4609-99DF-E021B7BF29B5}.Release|Any CPU.ActiveCfg = Release|Any CPU
		{5BE696B0-177E-4609-99DF-E021B7BF29B5}.Release|Any CPU.Build.0 = Release|Any CPU
		{975CAB48-1C2A-44A9-87DF-4E7A6020A16D}.Azure|Any CPU.ActiveCfg = Debug|Any CPU
		{975CAB48-1C2A-44A9-87DF-4E7A6020A16D}.Azure|Any CPU.Build.0 = Debug|Any CPU
		{975CAB48-1C2A-44A9-87DF-4E7A6020A16D}.Debug|Any CPU.ActiveCfg = Debug|Any CPU
		{975CAB48-1C2A-44A9-87DF-4E7A6020A16D}.Debug|Any CPU.Build.0 = Debug|Any CPU
		{975CAB48-1C2A-44A9-87DF-4E7A6020A16D}.Release|Any CPU.ActiveCfg = Release|Any CPU
		{975CAB48-1C2A-44A9-87DF-4E7A6020A16D}.Release|Any CPU.Build.0 = Release|Any CPU
		{66FC0C28-6631-438D-915A-F6CF1A5A8E3F}.Azure|Any CPU.ActiveCfg = Debug|Any CPU
		{66FC0C28-6631-438D-915A-F6CF1A5A8E3F}.Azure|Any CPU.Build.0 = Debug|Any CPU
		{66FC0C28-6631-438D-915A-F6CF1A5A8E3F}.Debug|Any CPU.ActiveCfg = Debug|Any CPU
		{66FC0C28-6631-438D-915A-F6CF1A5A8E3F}.Debug|Any CPU.Build.0 = Debug|Any CPU
		{66FC0C28-6631-438D-915A-F6CF1A5A8E3F}.Release|Any CPU.ActiveCfg = Release|Any CPU
		{66FC0C28-6631-438D-915A-F6CF1A5A8E3F}.Release|Any CPU.Build.0 = Release|Any CPU
		{06C83703-EA1E-4607-820F-20E24788224A}.Azure|Any CPU.ActiveCfg = Azure|Any CPU
		{06C83703-EA1E-4607-820F-20E24788224A}.Azure|Any CPU.Build.0 = Azure|Any CPU
		{06C83703-EA1E-4607-820F-20E24788224A}.Debug|Any CPU.ActiveCfg = Debug|Any CPU
		{06C83703-EA1E-4607-820F-20E24788224A}.Debug|Any CPU.Build.0 = Debug|Any CPU
		{06C83703-EA1E-4607-820F-20E24788224A}.Release|Any CPU.ActiveCfg = Release|Any CPU
		{06C83703-EA1E-4607-820F-20E24788224A}.Release|Any CPU.Build.0 = Release|Any CPU
		{FC099E68-3420-4FBC-9986-CE818F130078}.Azure|Any CPU.ActiveCfg = Azure|Any CPU
		{FC099E68-3420-4FBC-9986-CE818F130078}.Azure|Any CPU.Build.0 = Azure|Any CPU
		{FC099E68-3420-4FBC-9986-CE818F130078}.Debug|Any CPU.ActiveCfg = Debug|Any CPU
		{FC099E68-3420-4FBC-9986-CE818F130078}.Debug|Any CPU.Build.0 = Debug|Any CPU
		{FC099E68-3420-4FBC-9986-CE818F130078}.Release|Any CPU.ActiveCfg = Release|Any CPU
		{FC099E68-3420-4FBC-9986-CE818F130078}.Release|Any CPU.Build.0 = Release|Any CPU
		{9F2881A0-AD23-4087-AA92-AC73DE8D7042}.Azure|Any CPU.ActiveCfg = Azure|Any CPU
		{9F2881A0-AD23-4087-AA92-AC73DE8D7042}.Azure|Any CPU.Build.0 = Azure|Any CPU
		{9F2881A0-AD23-4087-AA92-AC73DE8D7042}.Debug|Any CPU.ActiveCfg = Debug|Any CPU
		{9F2881A0-AD23-4087-AA92-AC73DE8D7042}.Debug|Any CPU.Build.0 = Debug|Any CPU
		{9F2881A0-AD23-4087-AA92-AC73DE8D7042}.Release|Any CPU.ActiveCfg = Release|Any CPU
		{9F2881A0-AD23-4087-AA92-AC73DE8D7042}.Release|Any CPU.Build.0 = Release|Any CPU
		{385B76AC-063E-4D9D-8E52-28CE43902FE6}.Azure|Any CPU.ActiveCfg = Release|Any CPU
		{385B76AC-063E-4D9D-8E52-28CE43902FE6}.Azure|Any CPU.Build.0 = Release|Any CPU
		{385B76AC-063E-4D9D-8E52-28CE43902FE6}.Debug|Any CPU.ActiveCfg = Debug|Any CPU
		{385B76AC-063E-4D9D-8E52-28CE43902FE6}.Debug|Any CPU.Build.0 = Debug|Any CPU
		{385B76AC-063E-4D9D-8E52-28CE43902FE6}.Release|Any CPU.ActiveCfg = Release|Any CPU
		{385B76AC-063E-4D9D-8E52-28CE43902FE6}.Release|Any CPU.Build.0 = Release|Any CPU
		{B80F9F08-FC4A-4C2F-9F12-88EA87519FA2}.Azure|Any CPU.ActiveCfg = Release|Any CPU
		{B80F9F08-FC4A-4C2F-9F12-88EA87519FA2}.Azure|Any CPU.Build.0 = Release|Any CPU
		{B80F9F08-FC4A-4C2F-9F12-88EA87519FA2}.Debug|Any CPU.ActiveCfg = Debug|Any CPU
		{B80F9F08-FC4A-4C2F-9F12-88EA87519FA2}.Debug|Any CPU.Build.0 = Debug|Any CPU
		{B80F9F08-FC4A-4C2F-9F12-88EA87519FA2}.Release|Any CPU.ActiveCfg = Release|Any CPU
		{B80F9F08-FC4A-4C2F-9F12-88EA87519FA2}.Release|Any CPU.Build.0 = Release|Any CPU
		{CE2F7897-9DDC-497B-83FE-B9E9EBFA1870}.Azure|Any CPU.ActiveCfg = Azure|Any CPU
		{CE2F7897-9DDC-497B-83FE-B9E9EBFA1870}.Azure|Any CPU.Build.0 = Azure|Any CPU
		{CE2F7897-9DDC-497B-83FE-B9E9EBFA1870}.Debug|Any CPU.ActiveCfg = Debug|Any CPU
		{CE2F7897-9DDC-497B-83FE-B9E9EBFA1870}.Debug|Any CPU.Build.0 = Debug|Any CPU
		{CE2F7897-9DDC-497B-83FE-B9E9EBFA1870}.Release|Any CPU.ActiveCfg = Release|Any CPU
		{CE2F7897-9DDC-497B-83FE-B9E9EBFA1870}.Release|Any CPU.Build.0 = Release|Any CPU
		{E352D88B-B04E-4635-A311-05F958D1115D}.Azure|Any CPU.ActiveCfg = Azure|Any CPU
		{E352D88B-B04E-4635-A311-05F958D1115D}.Azure|Any CPU.Build.0 = Azure|Any CPU
		{E352D88B-B04E-4635-A311-05F958D1115D}.Debug|Any CPU.ActiveCfg = Debug|Any CPU
		{E352D88B-B04E-4635-A311-05F958D1115D}.Debug|Any CPU.Build.0 = Debug|Any CPU
		{E352D88B-B04E-4635-A311-05F958D1115D}.Release|Any CPU.ActiveCfg = Release|Any CPU
		{E352D88B-B04E-4635-A311-05F958D1115D}.Release|Any CPU.Build.0 = Release|Any CPU
	EndGlobalSection
	GlobalSection(SolutionProperties) = preSolution
		HideSolutionNode = FALSE
	EndGlobalSection
	GlobalSection(NestedProjects) = preSolution
		{4162A645-F05F-44FB-990A-8654B14BA54D} = {D65FB7DD-863E-42FC-865E-70DECD647AB7}
		{5BE696B0-177E-4609-99DF-E021B7BF29B5} = {4162A645-F05F-44FB-990A-8654B14BA54D}
		{3AD848B0-7D38-433C-AF10-01833C3A672F} = {D65FB7DD-863E-42FC-865E-70DECD647AB7}
		{975CAB48-1C2A-44A9-87DF-4E7A6020A16D} = {3AD848B0-7D38-433C-AF10-01833C3A672F}
		{66FC0C28-6631-438D-915A-F6CF1A5A8E3F} = {7B2C7CA5-0BB7-40FD-96EC-97B744F5E2BD}
		{2AE7F9F9-81C9-42B9-B5A9-4CD5E8DC6E82} = {4162A645-F05F-44FB-990A-8654B14BA54D}
		{06C83703-EA1E-4607-820F-20E24788224A} = {2AE7F9F9-81C9-42B9-B5A9-4CD5E8DC6E82}
		{FC099E68-3420-4FBC-9986-CE818F130078} = {2AE7F9F9-81C9-42B9-B5A9-4CD5E8DC6E82}
		{9F2881A0-AD23-4087-AA92-AC73DE8D7042} = {2AE7F9F9-81C9-42B9-B5A9-4CD5E8DC6E82}
		{385B76AC-063E-4D9D-8E52-28CE43902FE6} = {4162A645-F05F-44FB-990A-8654B14BA54D}
		{B80F9F08-FC4A-4C2F-9F12-88EA87519FA2} = {4162A645-F05F-44FB-990A-8654B14BA54D}
		{CE2F7897-9DDC-497B-83FE-B9E9EBFA1870} = {2AE7F9F9-81C9-42B9-B5A9-4CD5E8DC6E82}
		{E352D88B-B04E-4635-A311-05F958D1115D} = {2AE7F9F9-81C9-42B9-B5A9-4CD5E8DC6E82}
	EndGlobalSection
	GlobalSection(ExtensibilityGlobals) = postSolution
		SolutionGuid = {FA950743-D0A2-4C19-88BB-C52E5198B7F5}
	EndGlobalSection
EndGlobal
